
Microsoft Visual Studio Solution File, Format Version 12.00
# Visual Studio Version 17
VisualStudioVersion = 17.11.35219.272
MinimumVisualStudioVersion = 10.0.40219.1
Project("{FAE04EC0-301F-11D3-BF4B-00C04F79EFBC}") = "CLO24_SecondTurnInNiklasH", "CLO24_SecondTurnInNiklasH\CLO24_SecondTurnInNiklasH.csproj", "{0C294D3E-9780-4E51-A851-73D1EB7F8D93}"
EndProject
Global
	GlobalSection(SolutionConfigurationPlatforms) = preSolution
		Debug|Any CPU = Debug|Any CPU
		Release|Any CPU = Release|Any CPU
	EndGlobalSection
	GlobalSection(ProjectConfigurationPlatforms) = postSolution
		{0C294D3E-9780-4E51-A851-73D1EB7F8D93}.Debug|Any CPU.ActiveCfg = Debug|Any CPU
		{0C294D3E-9780-4E51-A851-73D1EB7F8D93}.Debug|Any CPU.Build.0 = Debug|Any CPU
		{0C294D3E-9780-4E51-A851-73D1EB7F8D93}.Release|Any CPU.ActiveCfg = Release|Any CPU
		{0C294D3E-9780-4E51-A851-73D1EB7F8D93}.Release|Any CPU.Build.0 = Release|Any CPU
	EndGlobalSection
	GlobalSection(SolutionProperties) = preSolution
		HideSolutionNode = FALSE
	EndGlobalSection
	GlobalSection(ExtensibilityGlobals) = postSolution
		SolutionGuid = {5BDBAC30-E68B-447A-BAB9-A00A45CC8443}
	EndGlobalSection
EndGlobal
